<?xml version="1.0" encoding="utf-8"?>
<Project ToolsVersion="4.0" xmlns="http://schemas.microsoft.com/developer/msbuild/2003">
  <ItemGroup>
    <Filter Include="Engine">
      <UniqueIdentifier>{0a236f98-9d69-4671-8da7-00f0bc37fabe}</UniqueIdentifier>
    </Filter>
    <Filter Include="Engine\Graphics Classes">
      <UniqueIdentifier>{af628b45-0d35-40bd-be15-fcfbfc637afc}</UniqueIdentifier>
    </Filter>
    <Filter Include="Engine\Graphics Classes\Terrain">
      <UniqueIdentifier>{cccc9fcf-d07d-4825-aafd-8c19b1e68098}</UniqueIdentifier>
    </Filter>
    <Filter Include="Engine\Graphics Classes\Model">
      <UniqueIdentifier>{96a971cb-6ee8-4def-b2b4-b6d83e1e5389}</UniqueIdentifier>
    </Filter>
    <Filter Include="Engine\Input Classes">
      <UniqueIdentifier>{1dff2e7c-0c51-4d17-8e00-8887119afbc6}</UniqueIdentifier>
    </Filter>
    <Filter Include="Engine\System Stuff">
      <UniqueIdentifier>{4d225ef1-8724-43a1-a0c2-cada68b51867}</UniqueIdentifier>
    </Filter>
    <Filter Include="Engine\Graphics Classes\Shaders">
      <UniqueIdentifier>{0a628056-0747-4ebb-999d-9945adec4705}</UniqueIdentifier>
    </Filter>
    <Filter Include="Engine\Camera">
      <UniqueIdentifier>{b478aff9-27d9-4a5d-8903-304b5de0c755}</UniqueIdentifier>
    </Filter>
    <Filter Include="Engine\Graphics Classes\Texture">
      <UniqueIdentifier>{0410344d-ec58-4b14-97cd-9a456a86f40a}</UniqueIdentifier>
    </Filter>
    <Filter Include="Engine\Graphics Classes\Light">
      <UniqueIdentifier>{e9806509-7b74-4666-b7d7-121b477307d2}</UniqueIdentifier>
    </Filter>
    <Filter Include="Engine\Graphics Classes\Text">
      <UniqueIdentifier>{ab249d36-132d-48f6-8e32-39f861313e40}</UniqueIdentifier>
    </Filter>
    <Filter Include="Engine\Sound">
      <UniqueIdentifier>{161280ba-2f5f-4022-b9a4-a367fe1fe4e7}</UniqueIdentifier>
    </Filter>
    <Filter Include="Engine\Graphics Classes\SceneGraph">
      <UniqueIdentifier>{bd163780-2580-49f5-ae0f-3a40317d745e}</UniqueIdentifier>
    </Filter>
    <Filter Include="Engine\Timer">
      <UniqueIdentifier>{5ada885d-34e2-4017-847d-2c513dcb6841}</UniqueIdentifier>
    </Filter>
    <Filter Include="Engine\Diag Classes">
      <UniqueIdentifier>{8d951033-6172-4a43-aa72-1af711e7a87e}</UniqueIdentifier>
    </Filter>
  </ItemGroup>
  <ItemGroup>
    <ClCompile Include="InputClass.cpp">
      <Filter>Engine\Input Classes</Filter>
    </ClCompile>
    <ClCompile Include="SystemClass.cpp">
      <Filter>Engine\System Stuff</Filter>
    </ClCompile>
    <ClCompile Include="D3DClass.cpp">
      <Filter>Engine\Graphics Classes</Filter>
    </ClCompile>
    <ClCompile Include="GraphicsClass.cpp">
      <Filter>Engine\Graphics Classes</Filter>
    </ClCompile>
    <ClCompile Include="main.cpp">
      <Filter>Engine</Filter>
    </ClCompile>
    <ClCompile Include="ModelClass.cpp">
      <Filter>Engine\Graphics Classes\Model</Filter>
    </ClCompile>
    <ClCompile Include="Colorshaderclass.cpp">
      <Filter>Engine\Graphics Classes\Shaders</Filter>
    </ClCompile>
    <ClCompile Include="Cameraclass.cpp">
      <Filter>Engine\Camera</Filter>
    </ClCompile>
    <ClCompile Include="textureclass.cpp">
      <Filter>Engine\Graphics Classes\Texture</Filter>
    </ClCompile>
    <ClCompile Include="textureshaderclass.cpp">
      <Filter>Engine\Graphics Classes\Texture</Filter>
    </ClCompile>
    <ClCompile Include="lightshaderclass.cpp">
      <Filter>Engine\Graphics Classes\Light</Filter>
    </ClCompile>
    <ClCompile Include="lightclass.cpp">
      <Filter>Engine\Graphics Classes\Light</Filter>
    </ClCompile>
    <ClCompile Include="fontclass.cpp">
      <Filter>Engine\Graphics Classes\Text</Filter>
    </ClCompile>
    <ClCompile Include="fontshaderclass.cpp">
      <Filter>Engine\Graphics Classes\Text</Filter>
    </ClCompile>
    <ClCompile Include="textclass.cpp">
      <Filter>Engine\Graphics Classes\Text</Filter>
    </ClCompile>
    <ClCompile Include="soundclass.cpp">
      <Filter>Engine\Sound</Filter>
    </ClCompile>
    <ClCompile Include="frustumclass.cpp">
      <Filter>Engine\Graphics Classes</Filter>
    </ClCompile>
    <ClCompile Include="modellistclass.cpp">
      <Filter>Engine\Graphics Classes\SceneGraph</Filter>
    </ClCompile>
    <ClCompile Include="positionclass.cpp">
      <Filter>Engine\Camera</Filter>
    </ClCompile>
    <ClCompile Include="timerclass.cpp">
      <Filter>Engine\Timer</Filter>
    </ClCompile>
    <ClCompile Include="fpsclass.cpp">
      <Filter>Engine\Diag Classes</Filter>
    </ClCompile>
    <ClCompile Include="cpuclass.cpp">
      <Filter>Engine\Diag Classes</Filter>
    </ClCompile>
    <ClCompile Include="multitextureshaderclass.cpp">
      <Filter>Engine\Graphics Classes\Texture</Filter>
    </ClCompile>
    <ClCompile Include="texturearrayclass.cpp">
      <Filter>Engine\Graphics Classes\Texture</Filter>
    </ClCompile>
    <ClCompile Include="lightmapshaderclass.cpp">
      <Filter>Engine\Graphics Classes\Light</Filter>
    </ClCompile>
  </ItemGroup>
  <ItemGroup>
    <ClInclude Include="InputClass.h">
      <Filter>Engine\Input Classes</Filter>
    </ClInclude>
    <ClInclude Include="SystemClass.h">
      <Filter>Engine\System Stuff</Filter>
    </ClInclude>
    <ClInclude Include="D3DClass.h">
      <Filter>Engine\Graphics Classes</Filter>
    </ClInclude>
    <ClInclude Include="GraphicsClass.h">
      <Filter>Engine\Graphics Classes</Filter>
    </ClInclude>
    <ClInclude Include="ModelClass.h">
      <Filter>Engine\Graphics Classes\Model</Filter>
    </ClInclude>
    <ClInclude Include="Colorshaderclass.h">
      <Filter>Engine\Graphics Classes\Shaders</Filter>
    </ClInclude>
    <ClInclude Include="Cameraclass.h">
      <Filter>Engine\Camera</Filter>
    </ClInclude>
    <ClInclude Include="textureclass.h">
      <Filter>Engine\Graphics Classes\Texture</Filter>
    </ClInclude>
    <ClInclude Include="textureshaderclass.h">
      <Filter>Engine\Graphics Classes\Texture</Filter>
    </ClInclude>
    <ClInclude Include="lightshaderclass.h">
      <Filter>Engine\Graphics Classes\Light</Filter>
    </ClInclude>
    <ClInclude Include="lightclass.h">
      <Filter>Engine\Graphics Classes\Light</Filter>
    </ClInclude>
    <ClInclude Include="fontclass.h">
      <Filter>Engine\Graphics Classes\Text</Filter>
    </ClInclude>
    <ClInclude Include="fontshaderclass.h">
      <Filter>Engine\Graphics Classes\Text</Filter>
    </ClInclude>
    <ClInclude Include="textclass.h">
      <Filter>Engine\Graphics Classes\Text</Filter>
    </ClInclude>
    <ClInclude Include="soundclass.h">
      <Filter>Engine\Sound</Filter>
    </ClInclude>
    <ClInclude Include="frustumclass.h">
      <Filter>Engine\Graphics Classes</Filter>
    </ClInclude>
    <ClInclude Include="modellistclass.h">
      <Filter>Engine\Graphics Classes\SceneGraph</Filter>
    </ClInclude>
    <ClInclude Include="positionclass.h">
      <Filter>Engine\Camera</Filter>
    </ClInclude>
    <ClInclude Include="timerclass.h">
      <Filter>Engine\Timer</Filter>
    </ClInclude>
    <ClInclude Include="fpsclass.h">
      <Filter>Engine\Diag Classes</Filter>
    </ClInclude>
    <ClInclude Include="cpuclass.h">
      <Filter>Engine\Diag Classes</Filter>
    </ClInclude>
    <ClInclude Include="multitextureshaderclass.h">
      <Filter>Engine\Graphics Classes\Texture</Filter>
    </ClInclude>
    <ClInclude Include="texturearrayclass.h">
      <Filter>Engine\Graphics Classes\Texture</Filter>
    </ClInclude>
    <ClInclude Include="lightmapshaderclass.h">
      <Filter>Engine\Graphics Classes\Light</Filter>
    </ClInclude>
  </ItemGroup>
</Project>